
Microsoft Visual Studio Solution File, Format Version 12.00
# Visual Studio Version 17
VisualStudioVersion = 17.3.32929.385
MinimumVisualStudioVersion = 10.0.40219.1
Project("{9A19103F-16F7-4668-BE54-9A1E7A4F7556}") = "BXT_1", "BXT_prímszámok\BXT_1.csproj", "{9BBA6B01-F9F8-4BE0-A426-8E7A86AE2C7C}"
EndProject
Project("{9A19103F-16F7-4668-BE54-9A1E7A4F7556}") = "Exercises", "Exercises\Exercises.csproj", "{139F1F10-5DB7-45BB-B8A2-4BA5F91A8E36}"
EndProject
Project("{9A19103F-16F7-4668-BE54-9A1E7A4F7556}") = "BXT_2", "BXT_2\BXT_2.csproj", "{F7F1602A-7079-46B3-85B6-53FB823B546D}"
EndProject
Project("{FAE04EC0-301F-11D3-BF4B-00C04F79EFBC}") = "BXT_3", "BXT_3\BXT_3.csproj", "{542DE130-8424-4A81-9014-A8FD1255D582}"
EndProject
Global
	GlobalSection(SolutionConfigurationPlatforms) = preSolution
		Debug|Any CPU = Debug|Any CPU
		Release|Any CPU = Release|Any CPU
	EndGlobalSection
	GlobalSection(ProjectConfigurationPlatforms) = postSolution
		{9BBA6B01-F9F8-4BE0-A426-8E7A86AE2C7C}.Debug|Any CPU.ActiveCfg = Debug|Any CPU
		{9BBA6B01-F9F8-4BE0-A426-8E7A86AE2C7C}.Debug|Any CPU.Build.0 = Debug|Any CPU
		{9BBA6B01-F9F8-4BE0-A426-8E7A86AE2C7C}.Release|Any CPU.ActiveCfg = Release|Any CPU
		{9BBA6B01-F9F8-4BE0-A426-8E7A86AE2C7C}.Release|Any CPU.Build.0 = Release|Any CPU
		{139F1F10-5DB7-45BB-B8A2-4BA5F91A8E36}.Debug|Any CPU.ActiveCfg = Debug|Any CPU
		{139F1F10-5DB7-45BB-B8A2-4BA5F91A8E36}.Debug|Any CPU.Build.0 = Debug|Any CPU
		{139F1F10-5DB7-45BB-B8A2-4BA5F91A8E36}.Release|Any CPU.ActiveCfg = Release|Any CPU
		{139F1F10-5DB7-45BB-B8A2-4BA5F91A8E36}.Release|Any CPU.Build.0 = Release|Any CPU
		{F7F1602A-7079-46B3-85B6-53FB823B546D}.Debug|Any CPU.ActiveCfg = Debug|Any CPU
		{F7F1602A-7079-46B3-85B6-53FB823B546D}.Debug|Any CPU.Build.0 = Debug|Any CPU
		{F7F1602A-7079-46B3-85B6-53FB823B546D}.Release|Any CPU.ActiveCfg = Release|Any CPU
		{F7F1602A-7079-46B3-85B6-53FB823B546D}.Release|Any CPU.Build.0 = Release|Any CPU
		{542DE130-8424-4A81-9014-A8FD1255D582}.Debug|Any CPU.ActiveCfg = Debug|Any CPU
		{542DE130-8424-4A81-9014-A8FD1255D582}.Debug|Any CPU.Build.0 = Debug|Any CPU
		{542DE130-8424-4A81-9014-A8FD1255D582}.Release|Any CPU.ActiveCfg = Release|Any CPU
		{542DE130-8424-4A81-9014-A8FD1255D582}.Release|Any CPU.Build.0 = Release|Any CPU
	EndGlobalSection
	GlobalSection(SolutionProperties) = preSolution
		HideSolutionNode = FALSE
	EndGlobalSection
	GlobalSection(ExtensibilityGlobals) = postSolution
		SolutionGuid = {A338AF0F-DCBB-4BC3-BBC5-A4316CBE04EC}
	EndGlobalSection
EndGlobal
